
Microsoft Visual Studio Solution File, Format Version 12.00
# Visual Studio Version 17
VisualStudioVersion = 17.9.34622.214
MinimumVisualStudioVersion = 10.0.40219.1
Project("{9A19103F-16F7-4668-BE54-9A1E7A4F7556}") = "OrdersCustomers", "OrdersCustomers.csproj", "{CA20D36E-EBE2-4349-AABE-6368C8E758EC}"
EndProject
Project("{9A19103F-16F7-4668-BE54-9A1E7A4F7556}") = "OrdersCustomers.Infra", "..\OrdersCustomers.Infra\OrdersCustomers.Infra.csproj", "{C9AF4E6B-27F3-4FD4-824C-487372EECF42}"
EndProject
Project("{9A19103F-16F7-4668-BE54-9A1E7A4F7556}") = "OrdersCustomers.Worker", "..\OrdersCustomers.Worker\OrdersCustomers.Worker.csproj", "{CC5D1CF6-F736-40DB-BE86-D418F5B87E17}"
EndProject
Project("{9A19103F-16F7-4668-BE54-9A1E7A4F7556}") = "OrdersCustomers.Domain", "..\OrdersCustomers.Domain\OrdersCustomers.Domain.csproj", "{0B460B4D-0D97-4710-8068-5CCBEC553755}"
EndProject
Project("{9A19103F-16F7-4668-BE54-9A1E7A4F7556}") = "OrdersCustomers.Application", "..\OrdersCustomers.Application\OrdersCustomers.Application.csproj", "{7421683A-30DC-4C33-A7FD-8475C8C4D10C}"
EndProject
Project("{2150E333-8FDC-42A3-9474-1A3956D46DE8}") = "src", "src", "{F6883A05-C3ED-48D8-8D96-EF25783136C9}"
EndProject
Project("{FAE04EC0-301F-11D3-BF4B-00C04F79EFBC}") = "OrdersCustomers.Tests", "..\OrdersCustomers.Tests\OrdersCustomers.Tests.csproj", "{E3C33A68-66DF-4A39-BE96-AA423A699648}"
EndProject
Project("{FAE04EC0-301F-11D3-BF4B-00C04F79EFBC}") = "LegacySimulator", "..\LegacySimulator\LegacySimulator.csproj", "{1174525B-BE79-4736-A059-03D511A0D5E5}"
EndProject
Global
	GlobalSection(SolutionConfigurationPlatforms) = preSolution
		Debug|Any CPU = Debug|Any CPU
		Release|Any CPU = Release|Any CPU
	EndGlobalSection
	GlobalSection(ProjectConfigurationPlatforms) = postSolution
		{CA20D36E-EBE2-4349-AABE-6368C8E758EC}.Debug|Any CPU.ActiveCfg = Debug|Any CPU
		{CA20D36E-EBE2-4349-AABE-6368C8E758EC}.Debug|Any CPU.Build.0 = Debug|Any CPU
		{CA20D36E-EBE2-4349-AABE-6368C8E758EC}.Release|Any CPU.ActiveCfg = Release|Any CPU
		{CA20D36E-EBE2-4349-AABE-6368C8E758EC}.Release|Any CPU.Build.0 = Release|Any CPU
		{C9AF4E6B-27F3-4FD4-824C-487372EECF42}.Debug|Any CPU.ActiveCfg = Debug|Any CPU
		{C9AF4E6B-27F3-4FD4-824C-487372EECF42}.Debug|Any CPU.Build.0 = Debug|Any CPU
		{C9AF4E6B-27F3-4FD4-824C-487372EECF42}.Release|Any CPU.ActiveCfg = Release|Any CPU
		{C9AF4E6B-27F3-4FD4-824C-487372EECF42}.Release|Any CPU.Build.0 = Release|Any CPU
		{CC5D1CF6-F736-40DB-BE86-D418F5B87E17}.Debug|Any CPU.ActiveCfg = Debug|Any CPU
		{CC5D1CF6-F736-40DB-BE86-D418F5B87E17}.Debug|Any CPU.Build.0 = Debug|Any CPU
		{CC5D1CF6-F736-40DB-BE86-D418F5B87E17}.Release|Any CPU.ActiveCfg = Release|Any CPU
		{CC5D1CF6-F736-40DB-BE86-D418F5B87E17}.Release|Any CPU.Build.0 = Release|Any CPU
		{0B460B4D-0D97-4710-8068-5CCBEC553755}.Debug|Any CPU.ActiveCfg = Debug|Any CPU
		{0B460B4D-0D97-4710-8068-5CCBEC553755}.Debug|Any CPU.Build.0 = Debug|Any CPU
		{0B460B4D-0D97-4710-8068-5CCBEC553755}.Release|Any CPU.ActiveCfg = Release|Any CPU
		{0B460B4D-0D97-4710-8068-5CCBEC553755}.Release|Any CPU.Build.0 = Release|Any CPU
		{7421683A-30DC-4C33-A7FD-8475C8C4D10C}.Debug|Any CPU.ActiveCfg = Debug|Any CPU
		{7421683A-30DC-4C33-A7FD-8475C8C4D10C}.Debug|Any CPU.Build.0 = Debug|Any CPU
		{7421683A-30DC-4C33-A7FD-8475C8C4D10C}.Release|Any CPU.ActiveCfg = Release|Any CPU
		{7421683A-30DC-4C33-A7FD-8475C8C4D10C}.Release|Any CPU.Build.0 = Release|Any CPU
		{E3C33A68-66DF-4A39-BE96-AA423A699648}.Debug|Any CPU.ActiveCfg = Debug|Any CPU
		{E3C33A68-66DF-4A39-BE96-AA423A699648}.Debug|Any CPU.Build.0 = Debug|Any CPU
		{E3C33A68-66DF-4A39-BE96-AA423A699648}.Release|Any CPU.ActiveCfg = Release|Any CPU
		{E3C33A68-66DF-4A39-BE96-AA423A699648}.Release|Any CPU.Build.0 = Release|Any CPU
		{1174525B-BE79-4736-A059-03D511A0D5E5}.Debug|Any CPU.ActiveCfg = Debug|Any CPU
		{1174525B-BE79-4736-A059-03D511A0D5E5}.Debug|Any CPU.Build.0 = Debug|Any CPU
		{1174525B-BE79-4736-A059-03D511A0D5E5}.Release|Any CPU.ActiveCfg = Release|Any CPU
		{1174525B-BE79-4736-A059-03D511A0D5E5}.Release|Any CPU.Build.0 = Release|Any CPU
	EndGlobalSection
	GlobalSection(SolutionProperties) = preSolution
		HideSolutionNode = FALSE
	EndGlobalSection
	GlobalSection(NestedProjects) = preSolution
		{CA20D36E-EBE2-4349-AABE-6368C8E758EC} = {F6883A05-C3ED-48D8-8D96-EF25783136C9}
		{C9AF4E6B-27F3-4FD4-824C-487372EECF42} = {F6883A05-C3ED-48D8-8D96-EF25783136C9}
		{CC5D1CF6-F736-40DB-BE86-D418F5B87E17} = {F6883A05-C3ED-48D8-8D96-EF25783136C9}
		{0B460B4D-0D97-4710-8068-5CCBEC553755} = {F6883A05-C3ED-48D8-8D96-EF25783136C9}
		{7421683A-30DC-4C33-A7FD-8475C8C4D10C} = {F6883A05-C3ED-48D8-8D96-EF25783136C9}
		{E3C33A68-66DF-4A39-BE96-AA423A699648} = {F6883A05-C3ED-48D8-8D96-EF25783136C9}
		{1174525B-BE79-4736-A059-03D511A0D5E5} = {F6883A05-C3ED-48D8-8D96-EF25783136C9}
	EndGlobalSection
	GlobalSection(ExtensibilityGlobals) = postSolution
		SolutionGuid = {780EC584-069F-4946-A542-6EA5FD5302B7}
	EndGlobalSection
EndGlobal
